lockfileVersion: '9.0'

settings:
  autoInstallPeers: true
  excludeLinksFromLockfile: false

importers:

  .: {}

  apps/hello-postinstall: {}

  packages/hello-postinstall: {}

  packages/import-test:
    dependencies:
      hello-postinstall:
        specifier: workspace:*
        version: link:../hello-postinstall
